{
  "name": "asproject",
  "version": "1.0.0",
  "lockfileVersion": 3,
  "requires": true,
  "packages": {
    "": {
      "name": "asproject",
      "version": "1.0.0",
      "license": "ISC",
      "dependencies": {
        "@loupeteam/jsmn_parse": "^1.5.0",
        "@loupeteam/librarybuilderproject": "^0.3.0",
        "@loupeteam/llhttp": "^0.1.4",
        "@loupeteam/ringbuflib": "^0.2.4",
        "@loupeteam/stringext": "^0.14.4",
        "@loupeteam/tcpcomm": "^0.10.0"
      }
    },
    "node_modules/@loupeteam/jsmn_parse": {
      "version": "1.5.0",
      "resolved": "https://npm.pkg.github.com/download/@loupeteam/jsmn_parse/1.5.0/0e9fbe7b774e8fbc8657a11591e421d24eb71acc",
      "integrity": "sha512-oZ1AatabwT85wFOc2Br+6062/trfI6ZAh7Dy2c2dBqr6BBNJlzLNNOie8Px1Gu/fHBUW47ceHsuK6pYQCSv3ZQ==",
      "license": "MIT"
    },
    "node_modules/@loupeteam/librarybuilderproject": {
      "version": "0.3.0",
      "resolved": "https://npm.pkg.github.com/download/@loupeteam/librarybuilderproject/0.3.0/9c3c1fc98350439d618573f3b465d94e3ae1e000",
      "integrity": "sha512-kUOwhpPoqQ1DikLGFBH3c8+nsb28ayX2IpQRC0UaEg34cV4GrRoI0FvkSovc3tgrGohpyvxFPRy5C6TM5wj7JA==",
      "license": "MIT"
    },
    "node_modules/@loupeteam/llhttp": {
      "version": "0.1.4",
      "resolved": "https://npm.pkg.github.com/download/@loupeteam/llhttp/0.1.4/1721b8e24a7ccd925a9eedb57a29bfdb47419794",
      "integrity": "sha512-Yn2+5K6Z+k+lJBY4Fp+c0nMDw5aPqSAXIHrmZ3h0Zr5R3sEtmJ+Kp3s0Kj/JL0+6ZSLD5T/Mq2DF3O7kWij4Pg==",
      "license": "MIT",
      "dependencies": {
        "@loupeteam/ringbuflib": "*",
        "@loupeteam/stringext": "*",
        "@loupeteam/tcpcomm": "*"
      }
    },
    "node_modules/@loupeteam/ringbuflib": {
      "version": "0.2.4",
      "resolved": "https://npm.pkg.github.com/download/@loupeteam/ringbuflib/0.2.4/f42f953e137103bbed3d088c97bbd3bd0dcb064e",
      "integrity": "sha512-UWnY3vSgOIIyNoDQMpo0eAuw9P0dAt35O0UdNB6tNXIeLr8ytzI3vbHAjiaSUYoecLkNl4lbhyVHNGXoivlz8Q==",
      "license": "MIT"
    },
    "node_modules/@loupeteam/stringext": {
      "version": "0.14.4",
      "resolved": "https://npm.pkg.github.com/download/@loupeteam/stringext/0.14.4/9d7c965dd094afeaf89b9f48c9b882ce798890dc",
      "integrity": "sha512-xYNj2b+SUxIgM5ZvB+BgDL+cqWkaKHAN65GbyNCd1B/SExiqUDO/VMa77/Sk2XlIZdzXj5mXxjwU/zjY97WsMg==",
      "license": "MIT"
    },
    "node_modules/@loupeteam/tcpcomm": {
      "version": "0.10.0",
      "resolved": "https://npm.pkg.github.com/download/@loupeteam/tcpcomm/0.10.0/38e4ab8cba58b7463701059bde22d905dddd19e4",
      "integrity": "sha512-jhao/10Zyv8nSNpdd5AoghApqj7b8GP8sXjfpS0CL6xXMFOoUR9cUfjxAFd85hce0GaEnIN7h7HN1e3FFiCoJQ==",
      "license": "MIT"
    }
  }
}
