{
  "name": "asproject",
  "version": "1.0.0",
  "lockfileVersion": 3,
  "requires": true,
  "packages": {
    "": {
      "name": "asproject",
      "version": "1.0.0",
      "license": "MIT",
      "dependencies": {
        "@loupeteam/jsmn_parse": "^2.0.0",
        "@loupeteam/librarybuilderproject": "^1.0.1",
        "@loupeteam/llhttp": "^1.0.0",
        "@loupeteam/ringbuflib": "^1.0.0",
        "@loupeteam/stringext": "^1.0.0"
      }
    },
    "node_modules/@loupeteam/jsmn_parse": {
      "version": "2.0.0",
      "resolved": "https://npm.pkg.github.com/download/@loupeteam/jsmn_parse/2.0.0/7af8777862acfef97d0b48e5c83f7629da0c94b8",
      "integrity": "sha512-FPxGR9Y03EjgXP3BI0bZVGqRgLuDu05eNOSu57eODdp8NqWDY7srgFmhBSB7t/T9WC6dYFqtf4rvZQPaaGzhxw==",
      "license": "MIT"
    },
    "node_modules/@loupeteam/librarybuilderproject": {
      "version": "1.0.1",
      "resolved": "https://npm.pkg.github.com/download/@loupeteam/librarybuilderproject/1.0.1/7c9555096f7ef8e8ce6b355c76533cb86d3b0229",
      "integrity": "sha512-0a31O2d0/LpWOwOvde6hIU/ZKPt4B9RXgrM/KQi2ayXm9UuDudNdp0YqCiTDm+UqciUlY5GtpQzOhx4VYfKdbA==",
      "license": "MIT"
    },
    "node_modules/@loupeteam/llhttp": {
      "version": "1.0.0",
      "resolved": "https://npm.pkg.github.com/download/@loupeteam/llhttp/1.0.0/56b630aa3a1d861ac3dc3c890b24619b7b09bd87",
      "integrity": "sha512-HwNOSEez2nj1vm7Wx3PUEbzkw8X+uUgulNkYZ3dJiuZsG63iE5/usl7/yz++rWp0fqcsrA8RoDYuot5LOnRqaQ==",
      "license": "MIT",
      "dependencies": {
        "@loupeteam/ringbuflib": ">=1.0.0",
        "@loupeteam/stringext": ">=1.0.0",
        "@loupeteam/tcpcomm": ">=1.0.0"
      }
    },
    "node_modules/@loupeteam/ringbuflib": {
      "version": "1.0.0",
      "resolved": "https://npm.pkg.github.com/download/@loupeteam/ringbuflib/1.0.0/ae0d49c6edc82b2217109cc9bc85aba49d68d817",
      "integrity": "sha512-VHN7JEGiHiGaOHOtclmMkjdi9o4TuEULjMZPP2vCvAzvRM2g9yVK9Us8v1LM0OjZ/Uq/K5t1vQWgNSDbrnzq7Q==",
      "license": "MIT"
    },
    "node_modules/@loupeteam/stringext": {
      "version": "1.0.0",
      "resolved": "https://npm.pkg.github.com/download/@loupeteam/stringext/1.0.0/9da05bfa435b70b88d57f6a3abe7e1b03d1ac9f4",
      "integrity": "sha512-CkwWziPxGwLisndcMunmR7DLdX1tvrt1hxHVn9ZYqJ8L6defPZr/ZWutpT+qhQJgoQnt5n+N48M1gbv6WclTHg==",
      "license": "MIT"
    },
    "node_modules/@loupeteam/tcpcomm": {
      "version": "1.0.0",
      "resolved": "https://npm.pkg.github.com/download/@loupeteam/tcpcomm/1.0.0/0d281632586b26aa891d9ad2558616810707755c",
      "integrity": "sha512-3UQQG+vzu15vkbi9jpvopm5M6dBLnLeRWsi3ytuFcskJC5TBy0Lc5Qs+zQW09siZJe3dGrY2sTst0U5A/cvdTw==",
      "license": "MIT"
    }
  }
}
